
Microsoft Visual Studio Solution File, Format Version 12.00
# Visual Studio Version 17
VisualStudioVersion = 17.6.33815.320
MinimumVisualStudioVersion = 10.0.40219.1
Project("{FAE04EC0-301F-11D3-BF4B-00C04F79EFBC}") = "webdemo1", "webdemo1.csproj", "{C6F5442D-05B1-4E4D-A428-244FA3BDC216}"
EndProject
Global
	GlobalSection(SolutionConfigurationPlatforms) = preSolution
		Debug|Any CPU = Debug|Any CPU
		Release|Any CPU = Release|Any CPU
	EndGlobalSection
	GlobalSection(ProjectConfigurationPlatforms) = postSolution
		{C6F5442D-05B1-4E4D-A428-244FA3BDC216}.Debug|Any CPU.ActiveCfg = Debug|Any CPU
		{C6F5442D-05B1-4E4D-A428-244FA3BDC216}.Debug|Any CPU.Build.0 = Debug|Any CPU
		{C6F5442D-05B1-4E4D-A428-244FA3BDC216}.Release|Any CPU.ActiveCfg = Release|Any CPU
		{C6F5442D-05B1-4E4D-A428-244FA3BDC216}.Release|Any CPU.Build.0 = Release|Any CPU
	EndGlobalSection
	GlobalSection(SolutionProperties) = preSolution
		HideSolutionNode = FALSE
	EndGlobalSection
	GlobalSection(ExtensibilityGlobals) = postSolution
		SolutionGuid = {BDB1A7D3-89E8-44A6-AD72-EAC9D870F310}
	EndGlobalSection
EndGlobal
