
Microsoft Visual Studio Solution File, Format Version 12.00
# Visual Studio Version 17
VisualStudioVersion = 17.6.33815.320
MinimumVisualStudioVersion = 10.0.40219.1
Project("{FAE04EC0-301F-11D3-BF4B-00C04F79EFBC}") = "customerOrder", "customerOrder.csproj", "{297BD1C4-8548-46FB-AF47-5A2059A3AB7B}"
EndProject
Global
	GlobalSection(SolutionConfigurationPlatforms) = preSolution
		Debug|Any CPU = Debug|Any CPU
		Release|Any CPU = Release|Any CPU
	EndGlobalSection
	GlobalSection(ProjectConfigurationPlatforms) = postSolution
		{297BD1C4-8548-46FB-AF47-5A2059A3AB7B}.Debug|Any CPU.ActiveCfg = Debug|Any CPU
		{297BD1C4-8548-46FB-AF47-5A2059A3AB7B}.Debug|Any CPU.Build.0 = Debug|Any CPU
		{297BD1C4-8548-46FB-AF47-5A2059A3AB7B}.Release|Any CPU.ActiveCfg = Release|Any CPU
		{297BD1C4-8548-46FB-AF47-5A2059A3AB7B}.Release|Any CPU.Build.0 = Release|Any CPU
	EndGlobalSection
	GlobalSection(SolutionProperties) = preSolution
		HideSolutionNode = FALSE
	EndGlobalSection
	GlobalSection(ExtensibilityGlobals) = postSolution
		SolutionGuid = {BFB2D7CD-8CC0-45C6-A91D-BDA9BA2EAEB3}
	EndGlobalSection
EndGlobal
