
Microsoft Visual Studio Solution File, Format Version 12.00
# Visual Studio Version 17
VisualStudioVersion = 17.6.33815.320
MinimumVisualStudioVersion = 10.0.40219.1
Project("{FAE04EC0-301F-11D3-BF4B-00C04F79EFBC}") = "ParamArray", "ParamArray.csproj", "{E20196BD-E18E-4F17-A25C-C6DF82F2021A}"
EndProject
Global
	GlobalSection(SolutionConfigurationPlatforms) = preSolution
		Debug|Any CPU = Debug|Any CPU
		Release|Any CPU = Release|Any CPU
	EndGlobalSection
	GlobalSection(ProjectConfigurationPlatforms) = postSolution
		{E20196BD-E18E-4F17-A25C-C6DF82F2021A}.Debug|Any CPU.ActiveCfg = Debug|Any CPU
		{E20196BD-E18E-4F17-A25C-C6DF82F2021A}.Debug|Any CPU.Build.0 = Debug|Any CPU
		{E20196BD-E18E-4F17-A25C-C6DF82F2021A}.Release|Any CPU.ActiveCfg = Release|Any CPU
		{E20196BD-E18E-4F17-A25C-C6DF82F2021A}.Release|Any CPU.Build.0 = Release|Any CPU
	EndGlobalSection
	GlobalSection(SolutionProperties) = preSolution
		HideSolutionNode = FALSE
	EndGlobalSection
	GlobalSection(ExtensibilityGlobals) = postSolution
		SolutionGuid = {35CF7410-08D9-4474-8A07-C9D895F17914}
	EndGlobalSection
EndGlobal
